
Microsoft Visual Studio Solution File, Format Version 12.00
# Visual Studio Version 17
VisualStudioVersion = 17.1.32228.430
MinimumVisualStudioVersion = 10.0.40219.1
Project("{FAE04EC0-301F-11D3-BF4B-00C04F79EFBC}") = "MovieStoreApp.WebMVC", "MovieStoreApp.WebMVC\MovieStoreApp.WebMVC.csproj", "{906F267B-A7F0-4860-81B6-853503036D5B}"
EndProject
Project("{FAE04EC0-301F-11D3-BF4B-00C04F79EFBC}") = "MovieStoreApp.Infrastructure", "MovieStoreApp.Infrastructure\MovieStoreApp.Infrastructure.csproj", "{C94AA5B7-C679-48F5-B54F-361FA120A3B1}"
EndProject
Project("{FAE04EC0-301F-11D3-BF4B-00C04F79EFBC}") = "MovieStoreApp.Core", "MovieStoreApp.Core\MovieStoreApp.Core.csproj", "{8AB7F154-5569-4EE7-A13E-34D2D7957FBD}"
EndProject
Global
	GlobalSection(SolutionConfigurationPlatforms) = preSolution
		Debug|Any CPU = Debug|Any CPU
		Release|Any CPU = Release|Any CPU
	EndGlobalSection
	GlobalSection(ProjectConfigurationPlatforms) = postSolution
		{906F267B-A7F0-4860-81B6-853503036D5B}.Debug|Any CPU.ActiveCfg = Debug|Any CPU
		{906F267B-A7F0-4860-81B6-853503036D5B}.Debug|Any CPU.Build.0 = Debug|Any CPU
		{906F267B-A7F0-4860-81B6-853503036D5B}.Release|Any CPU.ActiveCfg = Release|Any CPU
		{906F267B-A7F0-4860-81B6-853503036D5B}.Release|Any CPU.Build.0 = Release|Any CPU
		{C94AA5B7-C679-48F5-B54F-361FA120A3B1}.Debug|Any CPU.ActiveCfg = Debug|Any CPU
		{C94AA5B7-C679-48F5-B54F-361FA120A3B1}.Debug|Any CPU.Build.0 = Debug|Any CPU
		{C94AA5B7-C679-48F5-B54F-361FA120A3B1}.Release|Any CPU.ActiveCfg = Release|Any CPU
		{C94AA5B7-C679-48F5-B54F-361FA120A3B1}.Release|Any CPU.Build.0 = Release|Any CPU
		{8AB7F154-5569-4EE7-A13E-34D2D7957FBD}.Debug|Any CPU.ActiveCfg = Debug|Any CPU
		{8AB7F154-5569-4EE7-A13E-34D2D7957FBD}.Debug|Any CPU.Build.0 = Debug|Any CPU
		{8AB7F154-5569-4EE7-A13E-34D2D7957FBD}.Release|Any CPU.ActiveCfg = Release|Any CPU
		{8AB7F154-5569-4EE7-A13E-34D2D7957FBD}.Release|Any CPU.Build.0 = Release|Any CPU
	EndGlobalSection
	GlobalSection(SolutionProperties) = preSolution
		HideSolutionNode = FALSE
	EndGlobalSection
	GlobalSection(ExtensibilityGlobals) = postSolution
		SolutionGuid = {C28EC05D-7D0D-4B21-A543-91CB01313AD8}
	EndGlobalSection
EndGlobal
